// !$*UTF8*$!
{
	archiveVersion = 1;
	classes = {
	};
	objectVersion = 46;
	objects = {

/* Begin PBXBuildFile section */
		2129ACE61ED9101D00528736 /* AppDelegate.swift in Sources */ = {isa = PBXBuildFile; fileRef = 2129ACE51ED9101D00528736 /* AppDelegate.swift */; };
		2129ACE81ED9101D00528736 /* ViewController.swift in Sources */ = {isa = PBXBuildFile; fileRef = 2129ACE71ED9101D00528736 /* ViewController.swift */; };
		2129ACEB1ED9101D00528736 /* Main.storyboard in Resources */ = {isa = PBXBuildFile; fileRef = 2129ACE91ED9101D00528736 /* Main.storyboard */; };
		2129ACED1ED9101D00528736 /* Assets.xcassets in Resources */ = {isa = PBXBuildFile; fileRef = 2129ACEC1ED9101D00528736 /* Assets.xcassets */; };
		2129ACF01ED9101D00528736 /* LaunchScreen.storyboard in Resources */ = {isa = PBXBuildFile; fileRef = 2129ACEE1ED9101D00528736 /* LaunchScreen.storyboard */; };
		2129ACF91ED9106500528736 /* User.swift in Sources */ = {isa = PBXBuildFile; fileRef = 2129ACF81ED9106500528736 /* User.swift */; };
		2129ACFB1ED9107D00528736 /* MyCell.swift in Sources */ = {isa = PBXBuildFile; fileRef = 2129ACFA1ED9107D00528736 /* MyCell.swift */; };
		2129ACFD1ED9109500528736 /* MyHeader.swift in Sources */ = {isa = PBXBuildFile; fileRef = 2129ACFC1ED9109500528736 /* MyHeader.swift */; };
/* End PBXBuildFile section */

/* Begin PBXFileReference section */
		2129ACE21ED9101D00528736 /* Custom Cell.app */ = {isa = PBXFileReference; explicitFileType = wrapper.application; includeInIndex = 0; path = "Custom Cell.app"; sourceTree = BUILT_PRODUCTS_DIR; };
		2129ACE51ED9101D00528736 /* AppDelegate.swift */ = {isa = PBXFileReference; lastKnownFileType = sourcecode.swift; path = AppDelegate.swift; sourceTree = "<group>"; };
		2129ACE71ED9101D00528736 /* ViewController.swift */ = {isa = PBXFileReference; lastKnownFileType = sourcecode.swift; path = ViewController.swift; sourceTree = "<group>"; };
		2129ACEA1ED9101D00528736 /* Base */ = {isa = PBXFileReference; lastKnownFileType = file.storyboard; name = Base; path = Base.lproj/Main.storyboard; sourceTree = "<group>"; };
		2129ACEC1ED9101D00528736 /* Assets.xcassets */ = {isa = PBXFileReference; lastKnownFileType = folder.assetcatalog; path = Assets.xcassets; sourceTree = "<group>"; };
		2129ACEF1ED9101D00528736 /* Base */ = {isa = PBXFileReference; lastKnownFileType = file.storyboard; name = Base; path = Base.lproj/LaunchScreen.storyboard; sourceTree = "<group>"; };
		2129ACF11ED9101D00528736 /* Info.plist */ = {isa = PBXFileReference; lastKnownFileType = text.plist.xml; path = Info.plist; sourceTree = "<group>"; };
		2129ACF81ED9106500528736 /* User.swift */ = {isa = PBXFileReference; fileEncoding = 4; lastKnownFileType = sourcecode.swift; path = User.swift; sourceTree = "<group>"; };
		2129ACFA1ED9107D00528736 /* MyCell.swift */ = {isa = PBXFileReference; fileEncoding = 4; lastKnownFileType = sourcecode.swift; path = MyCell.swift; sourceTree = "<group>"; };
		2129ACFC1ED9109500528736 /* MyHeader.swift */ = {isa = PBXFileReference; fileEncoding = 4; lastKnownFileType = sourcecode.swift; path = MyHeader.swift; sourceTree = "<group>"; };
/* End PBXFileReference section */

/* Begin PBXFrameworksBuildPhase section */
		2129ACDF1ED9101D00528736 /* Frameworks */ = {
			isa = PBXFrameworksBuildPhase;
			buildActionMask = 2147483647;
			files = (
			);
			runOnlyForDeploymentPostprocessing = 0;
		};
/* End PBXFrameworksBuildPhase section */

/* Begin PBXGroup section */
		2129ACD91ED9101D00528736 = {
			isa = PBXGroup;
			children = (
				2129ACE41ED9101D00528736 /* Custom Cell */,
				2129ACE31ED9101D00528736 /* Products */,
			);
			sourceTree = "<group>";
		};
		2129ACE31ED9101D00528736 /* Products */ = {
			isa = PBXGroup;
			children = (
				2129ACE21ED9101D00528736 /* Custom Cell.app */,
			);
			name = Products;
			sourceTree = "<group>";
		};
		2129ACE41ED9101D00528736 /* Custom Cell */ = {
			isa = PBXGroup;
			children = (
				2129ACE71ED9101D00528736 /* ViewController.swift */,
				2129ACFA1ED9107D00528736 /* MyCell.swift */,
				2129ACFC1ED9109500528736 /* MyHeader.swift */,
				2129ACF81ED9106500528736 /* User.swift */,
				2129ACF71ED9102C00528736 /* Other */,
			);
			path = "Custom Cell";
			sourceTree = "<group>";
		};
		2129ACF71ED9102C00528736 /* Other */ = {
			isa = PBXGroup;
			children = (
				2129ACE51ED9101D00528736 /* AppDelegate.swift */,
				2129ACE91ED9101D00528736 /* Main.storyboard */,
				2129ACEC1ED9101D00528736 /* Assets.xcassets */,
				2129ACEE1ED9101D00528736 /* LaunchScreen.storyboard */,
				2129ACF11ED9101D00528736 /* Info.plist */,
			);
			name = Other;
			sourceTree = "<group>";
		};
/* End PBXGroup section */

/* Begin PBXNativeTarget section */
		2129ACE11ED9101D00528736 /* Custom Cell */ = {
			isa = PBXNativeTarget;
			buildConfigurationList = 2129ACF41ED9101D00528736 /* Build configuration list for PBXNativeTarget "Custom Cell" */;
			buildPhases = (
				2129ACDE1ED9101D00528736 /* Sources */,
				2129ACDF1ED9101D00528736 /* Frameworks */,
				2129ACE01ED9101D00528736 /* Resources */,
			);
			buildRules = (
			);
			dependencies = (
			);
			name = "Custom Cell";
			productName = "Custom Cell";
			productReference = 2129ACE21ED9101D00528736 /* Custom Cell.app */;
			productType = "com.apple.product-type.application";
		};
/* End PBXNativeTarget section */

/* Begin PBXProject section */
		2129ACDA1ED9101D00528736 /* Project object */ = {
			isa = PBXProject;
			attributes = {
				LastSwiftUpdateCheck = 0820;
				LastUpgradeCheck = 0820;
				ORGANIZATIONNAME = "Jin Kato";
				TargetAttributes = {
					2129ACE11ED9101D00528736 = {
						CreatedOnToolsVersion = 8.2.1;
						ProvisioningStyle = Automatic;
					};
				};
			};
			buildConfigurationList = 2129ACDD1ED9101D00528736 /* Build configuration list for PBXProject "Custom Cell" */;
			compatibilityVersion = "Xcode 3.2";
			developmentRegion = English;
			hasScannedForEncodings = 0;
			knownRegions = (
				en,
				Base,
			);
			mainGroup = 2129ACD91ED9101D00528736;
			productRefGroup = 2129ACE31ED9101D00528736 /* Products */;
			projectDirPath = "";
			projectRoot = "";
			targets = (
				2129ACE11ED9101D00528736 /* Custom Cell */,
			);
		};
/* End PBXProject section */

/* Begin PBXResourcesBuildPhase section */
		2129ACE01ED9101D00528736 /* Resources */ = {
			isa = PBXResourcesBuildPhase;
			buildActionMask = 2147483647;
			files = (
				2129ACF01ED9101D00528736 /* LaunchScreen.storyboard in Resources */,
				2129ACED1ED9101D00528736 /* Assets.xcassets in Resources */,
				2129ACEB1ED9101D00528736 /* Main.storyboard in Resources */,
			);
			runOnlyForDeploymentPostprocessing = 0;
		};
/* End PBXResourcesBuildPhase section */

/* Begin PBXSourcesBuildPhase section */
		2129ACDE1ED9101D00528736 /* Sources */ = {
			isa = PBXSourcesBuildPhase;
			buildActionMask = 2147483647;
			files = (
				2129ACE81ED9101D00528736 /* ViewController.swift in Sources */,
				2129ACFB1ED9107D00528736 /* MyCell.swift in Sources */,
				2129ACE61ED9101D00528736 /* AppDelegate.swift in Sources */,
				2129ACF91ED9106500528736 /* User.swift in Sources */,
				2129ACFD1ED9109500528736 /* MyHeader.swift in Sources */,
			);
			runOnlyForDeploymentPostprocessing = 0;
		};
/* End PBXSourcesBuildPhase section */

/* Begin PBXVariantGroup section */
		2129ACE91ED9101D00528736 /* Main.storyboard */ = {
			isa = PBXVariantGroup;
			children = (
				2129ACEA1ED9101D00528736 /* Base */,
			);
			name = Main.storyboard;
			sourceTree = "<group>";
		};
		2129ACEE1ED9101D00528736 /* LaunchScreen.storyboard */ = {
			isa = PBXVariantGroup;
			children = (
				2129ACEF1ED9101D00528736 /* Base */,
			);
			name = LaunchScreen.storyboard;
			sourceTree = "<group>";
		};
/* End PBXVariantGroup section */

/* Begin XCBuildConfiguration section */
		2129ACF21ED9101D00528736 /* Debug */ = {
			isa = XCBuildConfiguration;
			buildSettings = {
				ALWAYS_SEARCH_USER_PATHS = NO;
				CLANG_ANALYZER_NONNULL = YES;
				CLANG_CXX_LANGUAGE_STANDARD = "gnu++0x";
				CLANG_CXX_LIBRARY = "libc++";
				CLANG_ENABLE_MODULES = YES;
				CLANG_ENABLE_OBJC_ARC = YES;
				CLANG_WARN_BOOL_CONVERSION = YES;
				CLANG_WARN_CONSTANT_CONVERSION = YES;
				CLANG_WARN_DIRECT_OBJC_ISA_USAGE = YES_ERROR;
				CLANG_WARN_DOCUMENTATION_COMMENTS = YES;
				CLANG_WARN_EMPTY_BODY = YES;
				CLANG_WARN_ENUM_CONVERSION = YES;
				CLANG_WARN_INFINITE_RECURSION = YES;
				CLANG_WARN_INT_CONVERSION = YES;
				CLANG_WARN_OBJC_ROOT_CLASS = YES_ERROR;
				CLANG_WARN_SUSPICIOUS_MOVE = YES;
				CLANG_WARN_UNREACHABLE_CODE = YES;
				CLANG_WARN__DUPLICATE_METHOD_MATCH = YES;
				"CODE_SIGN_IDENTITY[sdk=iphoneos*]" = "iPhone Developer";
				COPY_PHASE_STRIP = NO;
				DEBUG_INFORMATION_FORMAT = dwarf;
				ENABLE_STRICT_OBJC_MSGSEND = YES;
				ENABLE_TESTABILITY = YES;
				GCC_C_LANGUAGE_STANDARD = gnu99;
				GCC_DYNAMIC_NO_PIC = NO;
				GCC_NO_COMMON_BLOCKS = YES;
				GCC_OPTIMIZATION_LEVEL = 0;
				GCC_PREPROCESSOR_DEFINITIONS = (
					"DEBUG=1",
					"$(inherited)",
				);
				GCC_WARN_64_TO_32_BIT_CONVERSION = YES;
				GCC_WARN_ABOUT_RETURN_TYPE = YES_ERROR;
				GCC_WARN_UNDECLARED_SELECTOR = YES;
				GCC_WARN_UNINITIALIZED_AUTOS = YES_AGGRESSIVE;
				GCC_WARN_UNUSED_FUNCTION = YES;
				GCC_WARN_UNUSED_VARIABLE = YES;
				IPHONEOS_DEPLOYMENT_TARGET = 10.2;
				MTL_ENABLE_DEBUG_INFO = YES;
				ONLY_ACTIVE_ARCH = YES;
				SDKROOT = iphoneos;
				SWIFT_ACTIVE_COMPILATION_CONDITIONS = DEBUG;
				SWIFT_OPTIMIZATION_LEVEL = "-Onone";
			};
			name = Debug;
		};
		2129ACF31ED9101D00528736 /* Release */ = {
			isa = XCBuildConfiguration;
			buildSettings = {
				ALWAYS_SEARCH_USER_PATHS = NO;
				CLANG_ANALYZER_NONNULL = YES;
				CLANG_CXX_LANGUAGE_STANDARD = "gnu++0x";
				CLANG_CXX_LIBRARY = "libc++";
				CLANG_ENABLE_MODULES = YES;
				CLANG_ENABLE_OBJC_ARC = YES;
				CLANG_WARN_BOOL_CONVERSION = YES;
				CLANG_WARN_CONSTANT_CONVERSION = YES;
				CLANG_WARN_DIRECT_OBJC_ISA_USAGE = YES_ERROR;
				CLANG_WARN_DOCUMENTATION_COMMENTS = YES;
				CLANG_WARN_EMPTY_BODY = YES;
				CLANG_WARN_ENUM_CONVERSION = YES;
				CLANG_WARN_INFINITE_RECURSION = YES;
				CLANG_WARN_INT_CONVERSION = YES;
				CLANG_WARN_OBJC_ROOT_CLASS = YES_ERROR;
				CLANG_WARN_SUSPICIOUS_MOVE = YES;
				CLANG_WARN_UNREACHABLE_CODE = YES;
				CLANG_WARN__DUPLICATE_METHOD_MATCH = YES;
				"CODE_SIGN_IDENTITY[sdk=iphoneos*]" = "iPhone Developer";
				COPY_PHASE_STRIP = NO;
				DEBUG_INFORMATION_FORMAT = "dwarf-with-dsym";
				ENABLE_NS_ASSERTIONS = NO;
				ENABLE_STRICT_OBJC_MSGSEND = YES;
				GCC_C_LANGUAGE_STANDARD = gnu99;
				GCC_NO_COMMON_BLOCKS = YES;
				GCC_WARN_64_TO_32_BIT_CONVERSION = YES;
				GCC_WARN_ABOUT_RETURN_TYPE = YES_ERROR;
				GCC_WARN_UNDECLARED_SELECTOR = YES;
				GCC_WARN_UNINITIALIZED_AUTOS = YES_AGGRESSIVE;
				GCC_WARN_UNUSED_FUNCTION = YES;
				GCC_WARN_UNUSED_VARIABLE = YES;
				IPHONEOS_DEPLOYMENT_TARGET = 10.2;
				MTL_ENABLE_DEBUG_INFO = NO;
				SDKROOT = iphoneos;
				SWIFT_OPTIMIZATION_LEVEL = "-Owholemodule";
				VALIDATE_PRODUCT = YES;
			};
			name = Release;
		};
		2129ACF51ED9101D00528736 /* Debug */ = {
			isa = XCBuildConfiguration;
			buildSettings = {
				ASSETCATALOG_COMPILER_APPICON_NAME = AppIcon;
				INFOPLIST_FILE = "Custom Cell/Info.plist";
				LD_RUNPATH_SEARCH_PATHS = "$(inherited) @executable_path/Frameworks";
				PRODUCT_BUNDLE_IDENTIFIER = "com.jinkato.www.test.Custom-Cell";
				PRODUCT_NAME = "$(TARGET_NAME)";
				SWIFT_VERSION = 3.0;
			};
			name = Debug;
		};
		2129ACF61ED9101D00528736 /* Release */ = {
			isa = XCBuildConfiguration;
			buildSettings = {
				ASSETCATALOG_COMPILER_APPICON_NAME = AppIcon;
				INFOPLIST_FILE = "Custom Cell/Info.plist";
				LD_RUNPATH_SEARCH_PATHS = "$(inherited) @executable_path/Frameworks";
				PRODUCT_BUNDLE_IDENTIFIER = "com.jinkato.www.test.Custom-Cell";
				PRODUCT_NAME = "$(TARGET_NAME)";
				SWIFT_VERSION = 3.0;
			};
			name = Release;
		};
/* End XCBuildConfiguration section */

/* Begin XCConfigurationList section */
		2129ACDD1ED9101D00528736 /* Build configuration list for PBXProject "Custom Cell" */ = {
			isa = XCConfigurationList;
			buildConfigurations = (
				2129ACF21ED9101D00528736 /* Debug */,
				2129ACF31ED9101D00528736 /* Release */,
			);
			defaultConfigurationIsVisible = 0;
			defaultConfigurationName = Release;
		};
		2129ACF41ED9101D00528736 /* Build configuration list for PBXNativeTarget "Custom Cell" */ = {
			isa = XCConfigurationList;
			buildConfigurations = (
				2129ACF51ED9101D00528736 /* Debug */,
				2129ACF61ED9101D00528736 /* Release */,
			);
			defaultConfigurationIsVisible = 0;
		};
/* End XCConfigurationList section */
	};
	rootObject = 2129ACDA1ED9101D00528736 /* Project object */;
}
